
Microsoft Visual Studio Solution File, Format Version 12.00
# Visual Studio Version 17
VisualStudioVersion = 17.6.33815.320
MinimumVisualStudioVersion = 10.0.40219.1
Project("{FAE04EC0-301F-11D3-BF4B-00C04F79EFBC}") = "Choose_Your_Own_Adventure", "Choose_Your_Own_Adventure\Choose_Your_Own_Adventure.csproj", "{C281AED3-ACC6-4040-A954-45D9A6051591}"
EndProject
Global
	GlobalSection(SolutionConfigurationPlatforms) = preSolution
		Debug|Any CPU = Debug|Any CPU
		Release|Any CPU = Release|Any CPU
	EndGlobalSection
	GlobalSection(ProjectConfigurationPlatforms) = postSolution
		{C281AED3-ACC6-4040-A954-45D9A6051591}.Debug|Any CPU.ActiveCfg = Debug|Any CPU
		{C281AED3-ACC6-4040-A954-45D9A6051591}.Debug|Any CPU.Build.0 = Debug|Any CPU
		{C281AED3-ACC6-4040-A954-45D9A6051591}.Release|Any CPU.ActiveCfg = Release|Any CPU
		{C281AED3-ACC6-4040-A954-45D9A6051591}.Release|Any CPU.Build.0 = Release|Any CPU
	EndGlobalSection
	GlobalSection(SolutionProperties) = preSolution
		HideSolutionNode = FALSE
	EndGlobalSection
	GlobalSection(ExtensibilityGlobals) = postSolution
		SolutionGuid = {EE6DA4EF-3CF8-48E6-9C1D-0133D3EB9475}
	EndGlobalSection
EndGlobal
